
Microsoft Visual Studio Solution File, Format Version 12.00
# Visual Studio Version 16
VisualStudioVersion = 16.0.29519.87
MinimumVisualStudioVersion = 10.0.40219.1
Project("{8BC9CEB8-8B4A-11D0-8D11-00A0C91BC942}") = "hellodwrite", "hellodwrite\hellodwrite.vcxproj", "{BF7308DB-E5DF-479E-8FA7-0CD844FEB0AA}"
EndProject
Global
	GlobalSection(SolutionConfigurationPlatforms) = preSolution
		Debug|x64 = Debug|x64
		Debug|x86 = Debug|x86
		Release|x64 = Release|x64
		Release|x86 = Release|x86
	EndGlobalSection
	GlobalSection(ProjectConfigurationPlatforms) = postSolution
		{BF7308DB-E5DF-479E-8FA7-0CD844FEB0AA}.Debug|x64.ActiveCfg = Debug|x64
		{BF7308DB-E5DF-479E-8FA7-0CD844FEB0AA}.Debug|x64.Build.0 = Debug|x64
		{BF7308DB-E5DF-479E-8FA7-0CD844FEB0AA}.Debug|x86.ActiveCfg = Debug|Win32
		{BF7308DB-E5DF-479E-8FA7-0CD844FEB0AA}.Debug|x86.Build.0 = Debug|Win32
		{BF7308DB-E5DF-479E-8FA7-0CD844FEB0AA}.Release|x64.ActiveCfg = Release|x64
		{BF7308DB-E5DF-479E-8FA7-0CD844FEB0AA}.Release|x64.Build.0 = Release|x64
		{BF7308DB-E5DF-479E-8FA7-0CD844FEB0AA}.Release|x86.ActiveCfg = Release|Win32
		{BF7308DB-E5DF-479E-8FA7-0CD844FEB0AA}.Release|x86.Build.0 = Release|Win32
	EndGlobalSection
	GlobalSection(SolutionProperties) = preSolution
		HideSolutionNode = FALSE
	EndGlobalSection
	GlobalSection(ExtensibilityGlobals) = postSolution
		SolutionGuid = {BB4C8937-019D-48BF-90A7-E0E39F9E59D0}
	EndGlobalSection
EndGlobal
